
Microsoft Visual Studio Solution File, Format Version 11.00
# Visual Studio 2010
Project("{FAE04EC0-301F-11D3-BF4B-00C04F79EFBC}") = "Unlock the Chest - Level Design Assignment 1", "Assembly-CSharp.csproj", "{554F4532-6001-336E-A890-634B473CD9C3}"
EndProject
Project("{FAE04EC0-301F-11D3-BF4B-00C04F79EFBC}") = "Unlock the Chest - Level Design Assignment 1", "Assembly-CSharp-firstpass.csproj", "{FFC1C2C1-B510-11BA-04A3-B595A0B9E0A3}"
EndProject
Project("{FAE04EC0-301F-11D3-BF4B-00C04F79EFBC}") = "Unlock the Chest - Level Design Assignment 1", "Assembly-CSharp-Editor.csproj", "{00054C20-A010-20B7-9133-D0DA396455C3}"
EndProject
Global
	GlobalSection(SolutionConfigurationPlatforms) = preSolution
		Debug|Any CPU = Debug|Any CPU
		Release|Any CPU = Release|Any CPU
	EndGlobalSection
	GlobalSection(ProjectConfigurationPlatforms) = postSolution
		{554F4532-6001-336E-A890-634B473CD9C3}.Debug|Any CPU.ActiveCfg = Debug|Any CPU
		{554F4532-6001-336E-A890-634B473CD9C3}.Debug|Any CPU.Build.0 = Debug|Any CPU
		{554F4532-6001-336E-A890-634B473CD9C3}.Release|Any CPU.ActiveCfg = Release|Any CPU
		{554F4532-6001-336E-A890-634B473CD9C3}.Release|Any CPU.Build.0 = Release|Any CPU
		{FFC1C2C1-B510-11BA-04A3-B595A0B9E0A3}.Debug|Any CPU.ActiveCfg = Debug|Any CPU
		{FFC1C2C1-B510-11BA-04A3-B595A0B9E0A3}.Debug|Any CPU.Build.0 = Debug|Any CPU
		{FFC1C2C1-B510-11BA-04A3-B595A0B9E0A3}.Release|Any CPU.ActiveCfg = Release|Any CPU
		{FFC1C2C1-B510-11BA-04A3-B595A0B9E0A3}.Release|Any CPU.Build.0 = Release|Any CPU
		{00054C20-A010-20B7-9133-D0DA396455C3}.Debug|Any CPU.ActiveCfg = Debug|Any CPU
		{00054C20-A010-20B7-9133-D0DA396455C3}.Debug|Any CPU.Build.0 = Debug|Any CPU
		{00054C20-A010-20B7-9133-D0DA396455C3}.Release|Any CPU.ActiveCfg = Release|Any CPU
		{00054C20-A010-20B7-9133-D0DA396455C3}.Release|Any CPU.Build.0 = Release|Any CPU
	EndGlobalSection
	GlobalSection(SolutionProperties) = preSolution
		HideSolutionNode = FALSE
	EndGlobalSection
	GlobalSection(MonoDevelopProperties) = preSolution
		StartupItem = Assembly-CSharp.csproj
	EndGlobalSection
EndGlobal
